
Microsoft Visual Studio Solution File, Format Version 12.00
# Visual Studio Version 16
VisualStudioVersion = 16.0.31229.75
MinimumVisualStudioVersion = 10.0.40219.1
Project("{FAE04EC0-301F-11D3-BF4B-00C04F79EFBC}") = "WpfApp.TestDotNetBrowser", "WpfApp.TestDotNetBrowser\WpfApp.TestDotNetBrowser.csproj", "{B55C98F5-4717-4D5D-893B-D5A21D857C68}"
EndProject
Global
	GlobalSection(SolutionConfigurationPlatforms) = preSolution
		Debug|Any CPU = Debug|Any CPU
		Release|Any CPU = Release|Any CPU
	EndGlobalSection
	GlobalSection(ProjectConfigurationPlatforms) = postSolution
		{B55C98F5-4717-4D5D-893B-D5A21D857C68}.Debug|Any CPU.ActiveCfg = Debug|Any CPU
		{B55C98F5-4717-4D5D-893B-D5A21D857C68}.Debug|Any CPU.Build.0 = Debug|Any CPU
		{B55C98F5-4717-4D5D-893B-D5A21D857C68}.Release|Any CPU.ActiveCfg = Release|Any CPU
		{B55C98F5-4717-4D5D-893B-D5A21D857C68}.Release|Any CPU.Build.0 = Release|Any CPU
	EndGlobalSection
	GlobalSection(SolutionProperties) = preSolution
		HideSolutionNode = FALSE
	EndGlobalSection
	GlobalSection(ExtensibilityGlobals) = postSolution
		SolutionGuid = {3EF0B1A5-90E5-4A09-BED2-E6CFB52BC12D}
	EndGlobalSection
EndGlobal
